// !$*UTF8*$!
{
	archiveVersion = 1;
	classes = {
	};
	objectVersion = 46;
	objects = {

/* Begin PBXBuildFile section */
		20BEF98E1E78E25B0007340C /* main.m in Sources */ = {isa = PBXBuildFile; fileRef = 20BEF98D1E78E25B0007340C /* main.m */; };
		20BEF9911E78E25B0007340C /* AppDelegate.m in Sources */ = {isa = PBXBuildFile; fileRef = 20BEF9901E78E25B0007340C /* AppDelegate.m */; };
		20BEF9941E78E25B0007340C /* ViewController.m in Sources */ = {isa = PBXBuildFile; fileRef = 20BEF9931E78E25B0007340C /* ViewController.m */; };
		20BEF9971E78E25B0007340C /* Main.storyboard in Resources */ = {isa = PBXBuildFile; fileRef = 20BEF9951E78E25B0007340C /* Main.storyboard */; };
		20BEF9991E78E25B0007340C /* Assets.xcassets in Resources */ = {isa = PBXBuildFile; fileRef = 20BEF9981E78E25B0007340C /* Assets.xcassets */; };
		20BEF99C1E78E25B0007340C /* LaunchScreen.storyboard in Resources */ = {isa = PBXBuildFile; fileRef = 20BEF99A1E78E25B0007340C /* LaunchScreen.storyboard */; };
		20BEF9A51E78E32C0007340C /* VKGradientBarView.m in Sources */ = {isa = PBXBuildFile; fileRef = 20BEF9A41E78E32C0007340C /* VKGradientBarView.m */; };
		64A2F8201E8DEB6700D15256 /* VKPathView.m in Sources */ = {isa = PBXBuildFile; fileRef = 64A2F81F1E8DEB6700D15256 /* VKPathView.m */; };
		682197F156082FCB8858B5CD /* libPods-testGradientLayer.a in Frameworks */ = {isa = PBXBuildFile; fileRef = 72018375A958A82BA19F8BD3 /* libPods-testGradientLayer.a */; };
/* End PBXBuildFile section */

/* Begin PBXFileReference section */
		1A1DEFC71E9E7963B928BA57 /* Pods-testGradientLayer.release.xcconfig */ = {isa = PBXFileReference; includeInIndex = 1; lastKnownFileType = text.xcconfig; name = "Pods-testGradientLayer.release.xcconfig"; path = "Pods/Target Support Files/Pods-testGradientLayer/Pods-testGradientLayer.release.xcconfig"; sourceTree = "<group>"; };
		20BEF9891E78E25B0007340C /* testGradientLayer.app */ = {isa = PBXFileReference; explicitFileType = wrapper.application; includeInIndex = 0; path = testGradientLayer.app; sourceTree = BUILT_PRODUCTS_DIR; };
		20BEF98D1E78E25B0007340C /* main.m */ = {isa = PBXFileReference; lastKnownFileType = sourcecode.c.objc; path = main.m; sourceTree = "<group>"; };
		20BEF98F1E78E25B0007340C /* AppDelegate.h */ = {isa = PBXFileReference; lastKnownFileType = sourcecode.c.h; path = AppDelegate.h; sourceTree = "<group>"; };
		20BEF9901E78E25B0007340C /* AppDelegate.m */ = {isa = PBXFileReference; lastKnownFileType = sourcecode.c.objc; path = AppDelegate.m; sourceTree = "<group>"; };
		20BEF9921E78E25B0007340C /* ViewController.h */ = {isa = PBXFileReference; lastKnownFileType = sourcecode.c.h; path = ViewController.h; sourceTree = "<group>"; };
		20BEF9931E78E25B0007340C /* ViewController.m */ = {isa = PBXFileReference; lastKnownFileType = sourcecode.c.objc; path = ViewController.m; sourceTree = "<group>"; };
		20BEF9961E78E25B0007340C /* Base */ = {isa = PBXFileReference; lastKnownFileType = file.storyboard; name = Base; path = Base.lproj/Main.storyboard; sourceTree = "<group>"; };
		20BEF9981E78E25B0007340C /* Assets.xcassets */ = {isa = PBXFileReference; lastKnownFileType = folder.assetcatalog; path = Assets.xcassets; sourceTree = "<group>"; };
		20BEF99B1E78E25B0007340C /* Base */ = {isa = PBXFileReference; lastKnownFileType = file.storyboard; name = Base; path = Base.lproj/LaunchScreen.storyboard; sourceTree = "<group>"; };
		20BEF99D1E78E25B0007340C /* Info.plist */ = {isa = PBXFileReference; lastKnownFileType = text.plist.xml; path = Info.plist; sourceTree = "<group>"; };
		20BEF9A31E78E32C0007340C /* VKGradientBarView.h */ = {isa = PBXFileReference; fileEncoding = 4; lastKnownFileType = sourcecode.c.h; path = VKGradientBarView.h; sourceTree = "<group>"; };
		20BEF9A41E78E32C0007340C /* VKGradientBarView.m */ = {isa = PBXFileReference; fileEncoding = 4; lastKnownFileType = sourcecode.c.objc; path = VKGradientBarView.m; sourceTree = "<group>"; };
		64A2F81E1E8DEB6700D15256 /* VKPathView.h */ = {isa = PBXFileReference; fileEncoding = 4; lastKnownFileType = sourcecode.c.h; path = VKPathView.h; sourceTree = "<group>"; };
		64A2F81F1E8DEB6700D15256 /* VKPathView.m */ = {isa = PBXFileReference; fileEncoding = 4; lastKnownFileType = sourcecode.c.objc; path = VKPathView.m; sourceTree = "<group>"; };
		72018375A958A82BA19F8BD3 /* libPods-testGradientLayer.a */ = {isa = PBXFileReference; explicitFileType = archive.ar; includeInIndex = 0; path = "libPods-testGradientLayer.a"; sourceTree = BUILT_PRODUCTS_DIR; };
		BFAEB30D61A7AFC53024E065 /* Pods-testGradientLayer.debug.xcconfig */ = {isa = PBXFileReference; includeInIndex = 1; lastKnownFileType = text.xcconfig; name = "Pods-testGradientLayer.debug.xcconfig"; path = "Pods/Target Support Files/Pods-testGradientLayer/Pods-testGradientLayer.debug.xcconfig"; sourceTree = "<group>"; };
/* End PBXFileReference section */

/* Begin PBXFrameworksBuildPhase section */
		20BEF9861E78E25B0007340C /* Frameworks */ = {
			isa = PBXFrameworksBuildPhase;
			buildActionMask = 2147483647;
			files = (
				682197F156082FCB8858B5CD /* libPods-testGradientLayer.a in Frameworks */,
			);
			runOnlyForDeploymentPostprocessing = 0;
		};
/* End PBXFrameworksBuildPhase section */

/* Begin PBXGroup section */
		20BEF9801E78E25B0007340C = {
			isa = PBXGroup;
			children = (
				20BEF98B1E78E25B0007340C /* testGradientLayer */,
				20BEF98A1E78E25B0007340C /* Products */,
				7DCCEB3FE8EBF02B4592D2DD /* Pods */,
				8A7E6C75260C0A3F3B9C0F36 /* Frameworks */,
			);
			sourceTree = "<group>";
		};
		20BEF98A1E78E25B0007340C /* Products */ = {
			isa = PBXGroup;
			children = (
				20BEF9891E78E25B0007340C /* testGradientLayer.app */,
			);
			name = Products;
			sourceTree = "<group>";
		};
		20BEF98B1E78E25B0007340C /* testGradientLayer */ = {
			isa = PBXGroup;
			children = (
				20BEF98F1E78E25B0007340C /* AppDelegate.h */,
				20BEF9901E78E25B0007340C /* AppDelegate.m */,
				20BEF9921E78E25B0007340C /* ViewController.h */,
				20BEF9931E78E25B0007340C /* ViewController.m */,
				20BEF9A31E78E32C0007340C /* VKGradientBarView.h */,
				20BEF9A41E78E32C0007340C /* VKGradientBarView.m */,
				64A2F81E1E8DEB6700D15256 /* VKPathView.h */,
				64A2F81F1E8DEB6700D15256 /* VKPathView.m */,
				20BEF9951E78E25B0007340C /* Main.storyboard */,
				20BEF9981E78E25B0007340C /* Assets.xcassets */,
				20BEF99A1E78E25B0007340C /* LaunchScreen.storyboard */,
				20BEF99D1E78E25B0007340C /* Info.plist */,
				20BEF98C1E78E25B0007340C /* Supporting Files */,
			);
			path = testGradientLayer;
			sourceTree = "<group>";
		};
		20BEF98C1E78E25B0007340C /* Supporting Files */ = {
			isa = PBXGroup;
			children = (
				20BEF98D1E78E25B0007340C /* main.m */,
			);
			name = "Supporting Files";
			sourceTree = "<group>";
		};
		7DCCEB3FE8EBF02B4592D2DD /* Pods */ = {
			isa = PBXGroup;
			children = (
				BFAEB30D61A7AFC53024E065 /* Pods-testGradientLayer.debug.xcconfig */,
				1A1DEFC71E9E7963B928BA57 /* Pods-testGradientLayer.release.xcconfig */,
			);
			name = Pods;
			sourceTree = "<group>";
		};
		8A7E6C75260C0A3F3B9C0F36 /* Frameworks */ = {
			isa = PBXGroup;
			children = (
				72018375A958A82BA19F8BD3 /* libPods-testGradientLayer.a */,
			);
			name = Frameworks;
			sourceTree = "<group>";
		};
/* End PBXGroup section */

/* Begin PBXNativeTarget section */
		20BEF9881E78E25B0007340C /* testGradientLayer */ = {
			isa = PBXNativeTarget;
			buildConfigurationList = 20BEF9A01E78E25B0007340C /* Build configuration list for PBXNativeTarget "testGradientLayer" */;
			buildPhases = (
				DCE80202CEF8A376F0EC66ED /* [CP] Check Pods Manifest.lock */,
				20BEF9851E78E25B0007340C /* Sources */,
				20BEF9861E78E25B0007340C /* Frameworks */,
				20BEF9871E78E25B0007340C /* Resources */,
				DA6A302E30CEB571D71F5886 /* [CP] Embed Pods Frameworks */,
				B534E80C04B99D2BE228DB3E /* [CP] Copy Pods Resources */,
			);
			buildRules = (
			);
			dependencies = (
			);
			name = testGradientLayer;
			productName = testGradientLayer;
			productReference = 20BEF9891E78E25B0007340C /* testGradientLayer.app */;
			productType = "com.apple.product-type.application";
		};
/* End PBXNativeTarget section */

/* Begin PBXProject section */
		20BEF9811E78E25B0007340C /* Project object */ = {
			isa = PBXProject;
			attributes = {
				LastUpgradeCheck = 0820;
				ORGANIZATIONNAME = vanke;
				TargetAttributes = {
					20BEF9881E78E25B0007340C = {
						CreatedOnToolsVersion = 8.2.1;
						DevelopmentTeam = 8UE65W942H;
						ProvisioningStyle = Manual;
					};
				};
			};
			buildConfigurationList = 20BEF9841E78E25B0007340C /* Build configuration list for PBXProject "testGradientLayer" */;
			compatibilityVersion = "Xcode 3.2";
			developmentRegion = English;
			hasScannedForEncodings = 0;
			knownRegions = (
				en,
				Base,
			);
			mainGroup = 20BEF9801E78E25B0007340C;
			productRefGroup = 20BEF98A1E78E25B0007340C /* Products */;
			projectDirPath = "";
			projectRoot = "";
			targets = (
				20BEF9881E78E25B0007340C /* testGradientLayer */,
			);
		};
/* End PBXProject section */

/* Begin PBXResourcesBuildPhase section */
		20BEF9871E78E25B0007340C /* Resources */ = {
			isa = PBXResourcesBuildPhase;
			buildActionMask = 2147483647;
			files = (
				20BEF99C1E78E25B0007340C /* LaunchScreen.storyboard in Resources */,
				20BEF9991E78E25B0007340C /* Assets.xcassets in Resources */,
				20BEF9971E78E25B0007340C /* Main.storyboard in Resources */,
			);
			runOnlyForDeploymentPostprocessing = 0;
		};
/* End PBXResourcesBuildPhase section */

/* Begin PBXShellScriptBuildPhase section */
		B534E80C04B99D2BE228DB3E /* [CP] Copy Pods Resources */ = {
			isa = PBXShellScriptBuildPhase;
			buildActionMask = 2147483647;
			files = (
			);
			inputPaths = (
			);
			name = "[CP] Copy Pods Resources";
			outputPaths = (
			);
			runOnlyForDeploymentPostprocessing = 0;
			shellPath = /bin/sh;
			shellScript = "\"${SRCROOT}/Pods/Target Support Files/Pods-testGradientLayer/Pods-testGradientLayer-resources.sh\"\n";
			showEnvVarsInLog = 0;
		};
		DA6A302E30CEB571D71F5886 /* [CP] Embed Pods Frameworks */ = {
			isa = PBXShellScriptBuildPhase;
			buildActionMask = 2147483647;
			files = (
			);
			inputPaths = (
			);
			name = "[CP] Embed Pods Frameworks";
			outputPaths = (
			);
			runOnlyForDeploymentPostprocessing = 0;
			shellPath = /bin/sh;
			shellScript = "\"${SRCROOT}/Pods/Target Support Files/Pods-testGradientLayer/Pods-testGradientLayer-frameworks.sh\"\n";
			showEnvVarsInLog = 0;
		};
		DCE80202CEF8A376F0EC66ED /* [CP] Check Pods Manifest.lock */ = {
			isa = PBXShellScriptBuildPhase;
			buildActionMask = 2147483647;
			files = (
			);
			inputPaths = (
			);
			name = "[CP] Check Pods Manifest.lock";
			outputPaths = (
			);
			runOnlyForDeploymentPostprocessing = 0;
			shellPath = /bin/sh;
			shellScript = "diff \"${PODS_ROOT}/../Podfile.lock\" \"${PODS_ROOT}/Manifest.lock\" > /dev/null\nif [ $? != 0 ] ; then\n    # print error to STDERR\n    echo \"error: The sandbox is not in sync with the Podfile.lock. Run 'pod install' or update your CocoaPods installation.\" >&2\n    exit 1\nfi\n";
			showEnvVarsInLog = 0;
		};
/* End PBXShellScriptBuildPhase section */

/* Begin PBXSourcesBuildPhase section */
		20BEF9851E78E25B0007340C /* Sources */ = {
			isa = PBXSourcesBuildPhase;
			buildActionMask = 2147483647;
			files = (
				20BEF9941E78E25B0007340C /* ViewController.m in Sources */,
				20BEF9A51E78E32C0007340C /* VKGradientBarView.m in Sources */,
				64A2F8201E8DEB6700D15256 /* VKPathView.m in Sources */,
				20BEF9911E78E25B0007340C /* AppDelegate.m in Sources */,
				20BEF98E1E78E25B0007340C /* main.m in Sources */,
			);
			runOnlyForDeploymentPostprocessing = 0;
		};
/* End PBXSourcesBuildPhase section */

/* Begin PBXVariantGroup section */
		20BEF9951E78E25B0007340C /* Main.storyboard */ = {
			isa = PBXVariantGroup;
			children = (
				20BEF9961E78E25B0007340C /* Base */,
			);
			name = Main.storyboard;
			sourceTree = "<group>";
		};
		20BEF99A1E78E25B0007340C /* LaunchScreen.storyboard */ = {
			isa = PBXVariantGroup;
			children = (
				20BEF99B1E78E25B0007340C /* Base */,
			);
			name = LaunchScreen.storyboard;
			sourceTree = "<group>";
		};
/* End PBXVariantGroup section */

/* Begin XCBuildConfiguration section */
		20BEF99E1E78E25B0007340C /* Debug */ = {
			isa = XCBuildConfiguration;
			buildSettings = {
				ALWAYS_SEARCH_USER_PATHS = NO;
				CLANG_ANALYZER_NONNULL = YES;
				CLANG_CXX_LANGUAGE_STANDARD = "gnu++0x";
				CLANG_CXX_LIBRARY = "libc++";
				CLANG_ENABLE_MODULES = YES;
				CLANG_ENABLE_OBJC_ARC = YES;
				CLANG_WARN_BOOL_CONVERSION = YES;
				CLANG_WARN_CONSTANT_CONVERSION = YES;
				CLANG_WARN_DIRECT_OBJC_ISA_USAGE = YES_ERROR;
				CLANG_WARN_DOCUMENTATION_COMMENTS = YES;
				CLANG_WARN_EMPTY_BODY = YES;
				CLANG_WARN_ENUM_CONVERSION = YES;
				CLANG_WARN_INFINITE_RECURSION = YES;
				CLANG_WARN_INT_CONVERSION = YES;
				CLANG_WARN_OBJC_ROOT_CLASS = YES_ERROR;
				CLANG_WARN_SUSPICIOUS_MOVE = YES;
				CLANG_WARN_UNREACHABLE_CODE = YES;
				CLANG_WARN__DUPLICATE_METHOD_MATCH = YES;
				"CODE_SIGN_IDENTITY[sdk=iphoneos*]" = "iPhone Developer";
				COPY_PHASE_STRIP = NO;
				DEBUG_INFORMATION_FORMAT = dwarf;
				ENABLE_STRICT_OBJC_MSGSEND = YES;
				ENABLE_TESTABILITY = YES;
				GCC_C_LANGUAGE_STANDARD = gnu99;
				GCC_DYNAMIC_NO_PIC = NO;
				GCC_NO_COMMON_BLOCKS = YES;
				GCC_OPTIMIZATION_LEVEL = 0;
				GCC_PREPROCESSOR_DEFINITIONS = (
					"DEBUG=1",
					"$(inherited)",
				);
				GCC_WARN_64_TO_32_BIT_CONVERSION = YES;
				GCC_WARN_ABOUT_RETURN_TYPE = YES_ERROR;
				GCC_WARN_UNDECLARED_SELECTOR = YES;
				GCC_WARN_UNINITIALIZED_AUTOS = YES_AGGRESSIVE;
				GCC_WARN_UNUSED_FUNCTION = YES;
				GCC_WARN_UNUSED_VARIABLE = YES;
				IPHONEOS_DEPLOYMENT_TARGET = 10.2;
				MTL_ENABLE_DEBUG_INFO = YES;
				ONLY_ACTIVE_ARCH = YES;
				SDKROOT = iphoneos;
			};
			name = Debug;
		};
		20BEF99F1E78E25B0007340C /* Release */ = {
			isa = XCBuildConfiguration;
			buildSettings = {
				ALWAYS_SEARCH_USER_PATHS = NO;
				CLANG_ANALYZER_NONNULL = YES;
				CLANG_CXX_LANGUAGE_STANDARD = "gnu++0x";
				CLANG_CXX_LIBRARY = "libc++";
				CLANG_ENABLE_MODULES = YES;
				CLANG_ENABLE_OBJC_ARC = YES;
				CLANG_WARN_BOOL_CONVERSION = YES;
				CLANG_WARN_CONSTANT_CONVERSION = YES;
				CLANG_WARN_DIRECT_OBJC_ISA_USAGE = YES_ERROR;
				CLANG_WARN_DOCUMENTATION_COMMENTS = YES;
				CLANG_WARN_EMPTY_BODY = YES;
				CLANG_WARN_ENUM_CONVERSION = YES;
				CLANG_WARN_INFINITE_RECURSION = YES;
				CLANG_WARN_INT_CONVERSION = YES;
				CLANG_WARN_OBJC_ROOT_CLASS = YES_ERROR;
				CLANG_WARN_SUSPICIOUS_MOVE = YES;
				CLANG_WARN_UNREACHABLE_CODE = YES;
				CLANG_WARN__DUPLICATE_METHOD_MATCH = YES;
				"CODE_SIGN_IDENTITY[sdk=iphoneos*]" = "iPhone Developer";
				COPY_PHASE_STRIP = NO;
				DEBUG_INFORMATION_FORMAT = "dwarf-with-dsym";
				ENABLE_NS_ASSERTIONS = NO;
				ENABLE_STRICT_OBJC_MSGSEND = YES;
				GCC_C_LANGUAGE_STANDARD = gnu99;
				GCC_NO_COMMON_BLOCKS = YES;
				GCC_WARN_64_TO_32_BIT_CONVERSION = YES;
				GCC_WARN_ABOUT_RETURN_TYPE = YES_ERROR;
				GCC_WARN_UNDECLARED_SELECTOR = YES;
				GCC_WARN_UNINITIALIZED_AUTOS = YES_AGGRESSIVE;
				GCC_WARN_UNUSED_FUNCTION = YES;
				GCC_WARN_UNUSED_VARIABLE = YES;
				IPHONEOS_DEPLOYMENT_TARGET = 10.2;
				MTL_ENABLE_DEBUG_INFO = NO;
				SDKROOT = iphoneos;
				VALIDATE_PRODUCT = YES;
			};
			name = Release;
		};
		20BEF9A11E78E25B0007340C /* Debug */ = {
			isa = XCBuildConfiguration;
			baseConfigurationReference = BFAEB30D61A7AFC53024E065 /* Pods-testGradientLayer.debug.xcconfig */;
			buildSettings = {
				ASSETCATALOG_COMPILER_APPICON_NAME = AppIcon;
				CODE_SIGN_IDENTITY = "iPhone Distribution: Shenzhen Yunxun Technology Co., Ltd.";
				"CODE_SIGN_IDENTITY[sdk=iphoneos*]" = "iPhone Distribution: Shenzhen Yunxun Technology Co., Ltd.";
				CODE_SIGN_STYLE = Manual;
				DEVELOPMENT_TEAM = 8UE65W942H;
				INFOPLIST_FILE = testGradientLayer/Info.plist;
				LD_RUNPATH_SEARCH_PATHS = "$(inherited) @executable_path/Frameworks";
				PRODUCT_BUNDLE_IDENTIFIER = com.app.testGradientLayer;
				PRODUCT_NAME = "$(TARGET_NAME)";
				PROVISIONING_PROFILE = "176d6965-5b75-46e5-865c-d6c76664fbba";
				PROVISIONING_PROFILE_SPECIFIER = byshx;
			};
			name = Debug;
		};
		20BEF9A21E78E25B0007340C /* Release */ = {
			isa = XCBuildConfiguration;
			baseConfigurationReference = 1A1DEFC71E9E7963B928BA57 /* Pods-testGradientLayer.release.xcconfig */;
			buildSettings = {
				ASSETCATALOG_COMPILER_APPICON_NAME = AppIcon;
				CODE_SIGN_IDENTITY = "iPhone Distribution: Shenzhen Yunxun Technology Co., Ltd.";
				"CODE_SIGN_IDENTITY[sdk=iphoneos*]" = "iPhone Distribution: Shenzhen Yunxun Technology Co., Ltd.";
				CODE_SIGN_STYLE = Manual;
				DEVELOPMENT_TEAM = 8UE65W942H;
				INFOPLIST_FILE = testGradientLayer/Info.plist;
				LD_RUNPATH_SEARCH_PATHS = "$(inherited) @executable_path/Frameworks";
				PRODUCT_BUNDLE_IDENTIFIER = com.app.testGradientLayer;
				PRODUCT_NAME = "$(TARGET_NAME)";
				PROVISIONING_PROFILE = "176d6965-5b75-46e5-865c-d6c76664fbba";
				PROVISIONING_PROFILE_SPECIFIER = byshx;
			};
			name = Release;
		};
/* End XCBuildConfiguration section */

/* Begin XCConfigurationList section */
		20BEF9841E78E25B0007340C /* Build configuration list for PBXProject "testGradientLayer" */ = {
			isa = XCConfigurationList;
			buildConfigurations = (
				20BEF99E1E78E25B0007340C /* Debug */,
				20BEF99F1E78E25B0007340C /* Release */,
			);
			defaultConfigurationIsVisible = 0;
			defaultConfigurationName = Release;
		};
		20BEF9A01E78E25B0007340C /* Build configuration list for PBXNativeTarget "testGradientLayer" */ = {
			isa = XCConfigurationList;
			buildConfigurations = (
				20BEF9A11E78E25B0007340C /* Debug */,
				20BEF9A21E78E25B0007340C /* Release */,
			);
			defaultConfigurationIsVisible = 0;
			defaultConfigurationName = Release;
		};
/* End XCConfigurationList section */
	};
	rootObject = 20BEF9811E78E25B0007340C /* Project object */;
}
